{
  "name": "@hn3000/swagger-example-generator",
  "version": "0.1.0",
  "lockfileVersion": 1,
  "requires": true,
  "dependencies": {
    "@hn3000/json-ref": {
      "version": "git://github.com/hn3000/json-ref.git#262c06d9de374c8998cdbddcca0531e5be0c455e",
      "integrity": "sha1-fUhlok6bqSAG5d+5iiXbusj9q+E=",
      "requires": {
        "es6-promise": "https://registry.npmjs.org/es6-promise/-/es6-promise-3.3.1.tgz",
        "isomorphic-fetch": "https://registry.npmjs.org/isomorphic-fetch/-/isomorphic-fetch-2.2.1.tgz"
      }
    },
    "@hn3000/simpletemplate": {
      "version": "git://github.com/hn3000/simpletemplate.git#30cb1a55e7dfca64388807428eda36bce80992ea",
      "integrity": "sha1-bGxEowGbfaGCvp51DO8HkRolufM="
    },
    "@types/minimist": {
      "version": "https://registry.npmjs.org/@types/minimist/-/minimist-1.2.0.tgz",
      "integrity": "sha1-aaI6OtKcrwCX8G7aWbNh7i8GOfY=",
      "dev": true
    },
    "@types/node": {
      "version": "7.0.34",
      "resolved": "https://registry.npmjs.org/@types/node/-/node-7.0.34.tgz",
      "integrity": "sha512-99ujivDq9tqw3b88xrWqUcHfY3XT+moVhAlMqlN+OdavTxfCRW2X1bRBFcloILRJiIoir+gG3I65jzrpNgF/3g==",
      "dev": true
    },
    "@types/swagger-schema-official": {
      "version": "https://registry.npmjs.org/@types/swagger-schema-official/-/swagger-schema-official-2.0.0.tgz",
      "integrity": "sha1-yuYnSb4ouXyPFc4zgUD76pBazVg=",
      "dev": true
    },
    "argparse": {
      "version": "https://registry.npmjs.org/argparse/-/argparse-1.0.9.tgz",
      "integrity": "sha1-c9g7wmP4bpf4zE9rrhsOkKfSLIY=",
      "requires": {
        "sprintf-js": "https://registry.npmjs.org/sprintf-js/-/sprintf-js-1.0.3.tgz"
      }
    },
    "async": {
      "version": "https://registry.npmjs.org/async/-/async-1.5.2.tgz",
      "integrity": "sha1-7GphrlZIDAw8skHJVhjiCJL5Zyo="
    },
    "chance": {
      "version": "https://registry.npmjs.org/chance/-/chance-1.0.6.tgz",
      "integrity": "sha1-RzT2LQK3OM3CiC2LXUH4mvSee/0="
    },
    "combined-stream": {
      "version": "https://registry.npmjs.org/combined-stream/-/combined-stream-1.0.5.tgz",
      "integrity": "sha1-k4NwpXtKUd6ix3wV1cX9+JUWQAk=",
      "requires": {
        "delayed-stream": "https://registry.npmjs.org/delayed-stream/-/delayed-stream-1.0.0.tgz"
      }
    },
    "commander": {
      "version": "https://registry.npmjs.org/commander/-/commander-2.9.0.tgz",
      "integrity": "sha1-nJkJQXbhIkDLItbFFGCYQA/g99Q=",
      "requires": {
        "graceful-readlink": "https://registry.npmjs.org/graceful-readlink/-/graceful-readlink-1.0.1.tgz"
      }
    },
    "component-emitter": {
      "version": "https://registry.npmjs.org/component-emitter/-/component-emitter-1.2.1.tgz",
      "integrity": "sha1-E3kY1teCg/ffemt8WmPhQOaUJeY="
    },
    "cookiejar": {
      "version": "https://registry.npmjs.org/cookiejar/-/cookiejar-2.0.6.tgz",
      "integrity": "sha1-Cr81atANHFohnYjURRgEbdAmrP4="
    },
    "core-util-is": {
      "version": "https://registry.npmjs.org/core-util-is/-/core-util-is-1.0.2.tgz",
      "integrity": "sha1-tf1UIgqivFq1eqtxQMlAdUUDwac="
    },
    "debug": {
      "version": "https://registry.npmjs.org/debug/-/debug-2.6.1.tgz",
      "integrity": "sha1-eYVQkLosTjEVzH2HaUkdWPBJE1E=",
      "requires": {
        "ms": "https://registry.npmjs.org/ms/-/ms-0.7.2.tgz"
      }
    },
    "deep-extend": {
      "version": "https://registry.npmjs.org/deep-extend/-/deep-extend-0.4.1.tgz",
      "integrity": "sha1-7+QRPQgIX05vlod1mBD4B0aeIlM="
    },
    "delayed-stream": {
      "version": "https://registry.npmjs.org/delayed-stream/-/delayed-stream-1.0.0.tgz",
      "integrity": "sha1-3zrhmayt+31ECqrgsp4icrJOxhk="
    },
    "deref": {
      "version": "https://registry.npmjs.org/deref/-/deref-0.6.4.tgz",
      "integrity": "sha1-vVqW1F2+0wEbuBvfaN31S+jhvU4=",
      "requires": {
        "deep-extend": "https://registry.npmjs.org/deep-extend/-/deep-extend-0.4.1.tgz"
      }
    },
    "discontinuous-range": {
      "version": "https://registry.npmjs.org/discontinuous-range/-/discontinuous-range-1.0.0.tgz",
      "integrity": "sha1-44Mx8IRLukm5qctxx3FYWqsbxlo="
    },
    "encoding": {
      "version": "https://registry.npmjs.org/encoding/-/encoding-0.1.12.tgz",
      "integrity": "sha1-U4tm8+5izRq1HsMjgp0flIDHS+s=",
      "requires": {
        "iconv-lite": "https://registry.npmjs.org/iconv-lite/-/iconv-lite-0.4.15.tgz"
      }
    },
    "es6-promise": {
      "version": "https://registry.npmjs.org/es6-promise/-/es6-promise-3.3.1.tgz",
      "integrity": "sha1-oIzd6EzNvzTQJ6FFG8kdS80ophM="
    },
    "esprima": {
      "version": "https://registry.npmjs.org/esprima/-/esprima-3.1.3.tgz",
      "integrity": "sha1-/cpRzuYTOJXjyI1TXOSdv/YqRjM="
    },
    "extend": {
      "version": "https://registry.npmjs.org/extend/-/extend-3.0.0.tgz",
      "integrity": "sha1-WkdDU7nzNT3dgXbf03uRyDpG8dQ="
    },
    "faker": {
      "version": "https://registry.npmjs.org/faker/-/faker-3.1.0.tgz",
      "integrity": "sha1-D5CPr05uwCUk5UpX5DLFwBPgjJ8="
    },
    "form-data": {
      "version": "https://registry.npmjs.org/form-data/-/form-data-1.0.0-rc3.tgz",
      "integrity": "sha1-01vGLn+8KTeuePlIqqDTjZBgdXc=",
      "requires": {
        "async": "https://registry.npmjs.org/async/-/async-1.5.2.tgz",
        "combined-stream": "https://registry.npmjs.org/combined-stream/-/combined-stream-1.0.5.tgz",
        "mime-types": "https://registry.npmjs.org/mime-types/-/mime-types-2.1.14.tgz"
      }
    },
    "formidable": {
      "version": "https://registry.npmjs.org/formidable/-/formidable-1.0.17.tgz",
      "integrity": "sha1-71SRSQ+UM7cF+qdyScmQKa40hVk="
    },
    "graceful-readlink": {
      "version": "https://registry.npmjs.org/graceful-readlink/-/graceful-readlink-1.0.1.tgz",
      "integrity": "sha1-TK+tdrxi8C+gObL5Tpo906ORpyU="
    },
    "iconv-lite": {
      "version": "https://registry.npmjs.org/iconv-lite/-/iconv-lite-0.4.15.tgz",
      "integrity": "sha1-/iZaIYrGpXz+hUkn6dBMGYJe3es="
    },
    "inherits": {
      "version": "https://registry.npmjs.org/inherits/-/inherits-2.0.3.tgz",
      "integrity": "sha1-Yzwsg+PaQqUC9SRmAiSA9CCCYd4="
    },
    "is-stream": {
      "version": "https://registry.npmjs.org/is-stream/-/is-stream-1.1.0.tgz",
      "integrity": "sha1-EtSj3U5o4Lec6428hBc66A2RykQ="
    },
    "isarray": {
      "version": "https://registry.npmjs.org/isarray/-/isarray-0.0.1.tgz",
      "integrity": "sha1-ihis/Kmo9Bd+Cav8YDiTmwXR7t8="
    },
    "isomorphic-fetch": {
      "version": "https://registry.npmjs.org/isomorphic-fetch/-/isomorphic-fetch-2.2.1.tgz",
      "integrity": "sha1-YRrhrPFPXoH3KVB0coGf6XM1WKk=",
      "requires": {
        "node-fetch": "https://registry.npmjs.org/node-fetch/-/node-fetch-1.6.3.tgz",
        "whatwg-fetch": "https://registry.npmjs.org/whatwg-fetch/-/whatwg-fetch-2.0.2.tgz"
      }
    },
    "js-base64": {
      "version": "https://registry.npmjs.org/js-base64/-/js-base64-2.1.9.tgz",
      "integrity": "sha1-8OgK4DmkvWVLXygfyT8EqRSn/M4="
    },
    "js-yaml": {
      "version": "https://registry.npmjs.org/js-yaml/-/js-yaml-3.8.1.tgz",
      "integrity": "sha1-eCulAgC+e55ahTcAG3gE2zrQJig=",
      "requires": {
        "argparse": "https://registry.npmjs.org/argparse/-/argparse-1.0.9.tgz",
        "esprima": "https://registry.npmjs.org/esprima/-/esprima-3.1.3.tgz"
      }
    },
    "json-refs": {
      "version": "https://registry.npmjs.org/json-refs/-/json-refs-2.1.6.tgz",
      "integrity": "sha1-hVZm8iDWVNNAWyPDu+TEkQYLSU0=",
      "requires": {
        "commander": "https://registry.npmjs.org/commander/-/commander-2.9.0.tgz",
        "js-yaml": "https://registry.npmjs.org/js-yaml/-/js-yaml-3.8.1.tgz",
        "native-promise-only": "https://registry.npmjs.org/native-promise-only/-/native-promise-only-0.8.1.tgz",
        "path-loader": "https://registry.npmjs.org/path-loader/-/path-loader-1.0.1.tgz",
        "slash": "https://registry.npmjs.org/slash/-/slash-1.0.0.tgz",
        "uri-js": "https://registry.npmjs.org/uri-js/-/uri-js-2.1.1.tgz"
      }
    },
    "json-schema-faker": {
      "version": "0.4.2",
      "resolved": "https://registry.npmjs.org/json-schema-faker/-/json-schema-faker-0.4.2.tgz",
      "integrity": "sha512-SGUfw45f95E5sW+pqG10aCNkxtrcU8kxKvYmkdDepGRN4PWcEXAg41AagvSw18PxA0ROjrnBgWk/tBmT+OM/sA==",
      "requires": {
        "chance": "https://registry.npmjs.org/chance/-/chance-1.0.6.tgz",
        "deref": "https://registry.npmjs.org/deref/-/deref-0.6.4.tgz",
        "faker": "3.0.1",
        "randexp": "https://registry.npmjs.org/randexp/-/randexp-0.4.4.tgz"
      },
      "dependencies": {
        "faker": {
          "version": "3.0.1",
          "resolved": "https://registry.npmjs.org/faker/-/faker-3.0.1.tgz",
          "integrity": "sha1-w2J4zUI/PFN1vCcEZqIjSFwOe7I="
        }
      }
    },
    "lodash": {
      "version": "https://registry.npmjs.org/lodash/-/lodash-4.17.4.tgz",
      "integrity": "sha1-eCA6TRwyiuHYbcpkYONptX9AVa4="
    },
    "lodash.get": {
      "version": "https://registry.npmjs.org/lodash.get/-/lodash.get-4.4.2.tgz",
      "integrity": "sha1-LRd/ZS+jHpObRDjVNBSZ36OCXpk="
    },
    "lodash.isequal": {
      "version": "https://registry.npmjs.org/lodash.isequal/-/lodash.isequal-4.5.0.tgz",
      "integrity": "sha1-QVxEePK8wwEgwizhDtMib30+GOA="
    },
    "methods": {
      "version": "https://registry.npmjs.org/methods/-/methods-1.1.2.tgz",
      "integrity": "sha1-VSmk1nZUE07cxSZmVoNbD4Ua/O4="
    },
    "mime": {
      "version": "https://registry.npmjs.org/mime/-/mime-1.3.4.tgz",
      "integrity": "sha1-EV+eO2s9rylZmDyzjxSaLUDrXVM="
    },
    "mime-db": {
      "version": "https://registry.npmjs.org/mime-db/-/mime-db-1.26.0.tgz",
      "integrity": "sha1-6v/NDk/Gk1z4E02iRuLmw1MFrf8="
    },
    "mime-types": {
      "version": "https://registry.npmjs.org/mime-types/-/mime-types-2.1.14.tgz",
      "integrity": "sha1-9+99l1g/yvO30oK2+LVnnaselO4=",
      "requires": {
        "mime-db": "https://registry.npmjs.org/mime-db/-/mime-db-1.26.0.tgz"
      }
    },
    "minimist": {
      "version": "https://registry.npmjs.org/minimist/-/minimist-1.2.0.tgz",
      "integrity": "sha1-o1AIsg9BOD7sH7kU9M1d95omQoQ="
    },
    "ms": {
      "version": "https://registry.npmjs.org/ms/-/ms-0.7.2.tgz",
      "integrity": "sha1-riXPJRKziFodldfwN4aNhDESR2U="
    },
    "native-promise-only": {
      "version": "https://registry.npmjs.org/native-promise-only/-/native-promise-only-0.8.1.tgz",
      "integrity": "sha1-IKMYwwy0X3H+et+/eyHJnBRy7xE="
    },
    "node-fetch": {
      "version": "https://registry.npmjs.org/node-fetch/-/node-fetch-1.6.3.tgz",
      "integrity": "sha1-3CNO3WSJmC1Y6PDbT2lQKavNjAQ=",
      "requires": {
        "encoding": "https://registry.npmjs.org/encoding/-/encoding-0.1.12.tgz",
        "is-stream": "https://registry.npmjs.org/is-stream/-/is-stream-1.1.0.tgz"
      }
    },
    "path-loader": {
      "version": "https://registry.npmjs.org/path-loader/-/path-loader-1.0.1.tgz",
      "integrity": "sha1-iMns5G8fmLOrQNBlX0WL5EZVZlA=",
      "requires": {
        "native-promise-only": "https://registry.npmjs.org/native-promise-only/-/native-promise-only-0.8.1.tgz",
        "superagent": "https://registry.npmjs.org/superagent/-/superagent-1.8.5.tgz"
      }
    },
    "path-to-regexp": {
      "version": "https://registry.npmjs.org/path-to-regexp/-/path-to-regexp-1.7.0.tgz",
      "integrity": "sha1-Wf3g9DW62suhA6hOnTvGTpa5k30=",
      "requires": {
        "isarray": "https://registry.npmjs.org/isarray/-/isarray-0.0.1.tgz"
      }
    },
    "qs": {
      "version": "https://registry.npmjs.org/qs/-/qs-2.3.3.tgz",
      "integrity": "sha1-6eha2+ddoLvkyOBHaghikPhjtAQ="
    },
    "randexp": {
      "version": "https://registry.npmjs.org/randexp/-/randexp-0.4.4.tgz",
      "integrity": "sha1-umgmX0qfnoX1gU004WApH5OfFo4=",
      "requires": {
        "discontinuous-range": "https://registry.npmjs.org/discontinuous-range/-/discontinuous-range-1.0.0.tgz",
        "ret": "https://registry.npmjs.org/ret/-/ret-0.1.13.tgz"
      }
    },
    "readable-stream": {
      "version": "https://registry.npmjs.org/readable-stream/-/readable-stream-1.0.27-1.tgz",
      "integrity": "sha1-a2eYPCA1fO/QfwFlABoW1xDZEHg=",
      "requires": {
        "core-util-is": "https://registry.npmjs.org/core-util-is/-/core-util-is-1.0.2.tgz",
        "inherits": "https://registry.npmjs.org/inherits/-/inherits-2.0.3.tgz",
        "isarray": "https://registry.npmjs.org/isarray/-/isarray-0.0.1.tgz",
        "string_decoder": "https://registry.npmjs.org/string_decoder/-/string_decoder-0.10.31.tgz"
      }
    },
    "reduce-component": {
      "version": "https://registry.npmjs.org/reduce-component/-/reduce-component-1.0.1.tgz",
      "integrity": "sha1-4Mk1QsV0UhvqE98PlIjtgqt3xdo="
    },
    "ret": {
      "version": "https://registry.npmjs.org/ret/-/ret-0.1.13.tgz",
      "integrity": "sha1-OMJwLs5lSXiUHt2LffrGru70Bn0="
    },
    "slash": {
      "version": "https://registry.npmjs.org/slash/-/slash-1.0.0.tgz",
      "integrity": "sha1-xB8vbDn8FtHNF61LXYlhFK5HDVU="
    },
    "sprintf-js": {
      "version": "https://registry.npmjs.org/sprintf-js/-/sprintf-js-1.0.3.tgz",
      "integrity": "sha1-BOaSb2YolTVPPdAVIDYzuFcpfiw="
    },
    "string_decoder": {
      "version": "https://registry.npmjs.org/string_decoder/-/string_decoder-0.10.31.tgz",
      "integrity": "sha1-YuIDvEF2bGwoyfyEMB2rHFMQ+pQ="
    },
    "superagent": {
      "version": "https://registry.npmjs.org/superagent/-/superagent-1.8.5.tgz",
      "integrity": "sha1-HA3cOvMOgOuE68BcshItqP6UC1U=",
      "requires": {
        "component-emitter": "https://registry.npmjs.org/component-emitter/-/component-emitter-1.2.1.tgz",
        "cookiejar": "https://registry.npmjs.org/cookiejar/-/cookiejar-2.0.6.tgz",
        "debug": "https://registry.npmjs.org/debug/-/debug-2.6.1.tgz",
        "extend": "https://registry.npmjs.org/extend/-/extend-3.0.0.tgz",
        "form-data": "https://registry.npmjs.org/form-data/-/form-data-1.0.0-rc3.tgz",
        "formidable": "https://registry.npmjs.org/formidable/-/formidable-1.0.17.tgz",
        "methods": "https://registry.npmjs.org/methods/-/methods-1.1.2.tgz",
        "mime": "https://registry.npmjs.org/mime/-/mime-1.3.4.tgz",
        "qs": "https://registry.npmjs.org/qs/-/qs-2.3.3.tgz",
        "readable-stream": "https://registry.npmjs.org/readable-stream/-/readable-stream-1.0.27-1.tgz",
        "reduce-component": "https://registry.npmjs.org/reduce-component/-/reduce-component-1.0.1.tgz"
      }
    },
    "swagger-methods": {
      "version": "https://registry.npmjs.org/swagger-methods/-/swagger-methods-1.0.0.tgz",
      "integrity": "sha1-s5x3lX0wWmU1wKHgFQgRhbmdYfw="
    },
    "swagger-schema-official": {
      "version": "https://registry.npmjs.org/swagger-schema-official/-/swagger-schema-official-2.0.0-bab6bed.tgz",
      "integrity": "sha1-cAcEaNbSl3ylI3suUZyn0Gouo/0="
    },
    "sway": {
      "version": "https://registry.npmjs.org/sway/-/sway-1.0.0.tgz",
      "integrity": "sha1-No/8Dpa9hCJu0bmzPWa+V9oE8Jo=",
      "requires": {
        "debug": "https://registry.npmjs.org/debug/-/debug-2.6.1.tgz",
        "js-base64": "https://registry.npmjs.org/js-base64/-/js-base64-2.1.9.tgz",
        "js-yaml": "https://registry.npmjs.org/js-yaml/-/js-yaml-3.8.1.tgz",
        "json-refs": "https://registry.npmjs.org/json-refs/-/json-refs-2.1.6.tgz",
        "json-schema-faker": "https://registry.npmjs.org/json-schema-faker/-/json-schema-faker-0.2.16.tgz",
        "lodash": "https://registry.npmjs.org/lodash/-/lodash-4.17.4.tgz",
        "native-promise-only": "https://registry.npmjs.org/native-promise-only/-/native-promise-only-0.8.1.tgz",
        "path-to-regexp": "https://registry.npmjs.org/path-to-regexp/-/path-to-regexp-1.7.0.tgz",
        "swagger-methods": "https://registry.npmjs.org/swagger-methods/-/swagger-methods-1.0.0.tgz",
        "swagger-schema-official": "https://registry.npmjs.org/swagger-schema-official/-/swagger-schema-official-2.0.0-bab6bed.tgz",
        "z-schema": "https://registry.npmjs.org/z-schema/-/z-schema-3.18.2.tgz"
      },
      "dependencies": {
        "json-schema-faker": {
          "version": "https://registry.npmjs.org/json-schema-faker/-/json-schema-faker-0.2.16.tgz",
          "integrity": "sha1-UdPKSJVdj+c09ZHXR7ckU75aePI=",
          "requires": {
            "chance": "https://registry.npmjs.org/chance/-/chance-1.0.6.tgz",
            "deref": "https://registry.npmjs.org/deref/-/deref-0.6.4.tgz",
            "faker": "https://registry.npmjs.org/faker/-/faker-3.1.0.tgz",
            "randexp": "https://registry.npmjs.org/randexp/-/randexp-0.4.4.tgz"
          }
        }
      }
    },
    "typescript": {
      "version": "2.4.1",
      "resolved": "https://registry.npmjs.org/typescript/-/typescript-2.4.1.tgz",
      "integrity": "sha1-w8yxbdqgsjFN4DHn5v7onlujRrw=",
      "dev": true
    },
    "uri-js": {
      "version": "https://registry.npmjs.org/uri-js/-/uri-js-2.1.1.tgz",
      "integrity": "sha1-6z+FBfRolpv5LLec6M6qwu1mdmE="
    },
    "validator": {
      "version": "https://registry.npmjs.org/validator/-/validator-6.3.0.tgz",
      "integrity": "sha1-R84j7Y1Ord+p1LjvAHG2zxB418g="
    },
    "whatwg-fetch": {
      "version": "https://registry.npmjs.org/whatwg-fetch/-/whatwg-fetch-2.0.2.tgz",
      "integrity": "sha1-/ilNHYnjbFvosxlQV/LkvHT8mA4="
    },
    "z-schema": {
      "version": "https://registry.npmjs.org/z-schema/-/z-schema-3.18.2.tgz",
      "integrity": "sha1-5CIZa17+YLRq3vPD8q7y3qqREWE=",
      "requires": {
        "commander": "https://registry.npmjs.org/commander/-/commander-2.9.0.tgz",
        "lodash.get": "https://registry.npmjs.org/lodash.get/-/lodash.get-4.4.2.tgz",
        "lodash.isequal": "https://registry.npmjs.org/lodash.isequal/-/lodash.isequal-4.5.0.tgz",
        "validator": "https://registry.npmjs.org/validator/-/validator-6.3.0.tgz"
      }
    }
  }
}
