{
  "name": "@hn3000/swagger-example-generator",
  "version": "0.1.1",
  "lockfileVersion": 1,
  "requires": true,
  "dependencies": {
    "@hn3000/json-ref": {
      "version": "0.10.1",
      "resolved": "https://registry.npmjs.org/@hn3000/json-ref/-/json-ref-0.10.1.tgz",
      "integrity": "sha512-23HXOuo5/TxmPVkq7XuV0Zf1XuURlA0BtBedkF4JiRG1hWwzdl5CvNDJ4iqJrKRFTYk5jmQOI83YzSnWVAgGGg=="
    },
    "@hn3000/simpletemplate": {
      "version": "0.9.0",
      "resolved": "https://registry.npmjs.org/@hn3000/simpletemplate/-/simpletemplate-0.9.0.tgz",
      "integrity": "sha512-938uWM/+CHXQ0hELint80H6Vvui/JY3G6LSWx1Fh9KLQg9ID4uOFOVCVbeaqjUSfCCvf554IkLTzTbzZhyRiiw=="
    },
    "@types/minimist": {
      "version": "https://registry.npmjs.org/@types/minimist/-/minimist-1.2.0.tgz",
      "integrity": "sha1-aaI6OtKcrwCX8G7aWbNh7i8GOfY=",
      "dev": true
    },
    "@types/node": {
      "version": "8.0.17",
      "resolved": "https://registry.npmjs.org/@types/node/-/node-8.0.17.tgz",
      "integrity": "sha512-iq0LxqG6P9GV/2bVA2AQAQ58NvneLdVDVs9dJ+88Jk6gDK9opNC0SushdYqlAyvxo0dk0NJjTKCenq/l3AKtuA==",
      "dev": true
    },
    "@types/swagger-schema-official": {
      "version": "2.0.5",
      "resolved": "https://registry.npmjs.org/@types/swagger-schema-official/-/swagger-schema-official-2.0.5.tgz",
      "integrity": "sha1-n+SbQLHQM/1zvrt7tpz6jL8wufE=",
      "dev": true
    },
    "argparse": {
      "version": "1.0.9",
      "resolved": "https://registry.npmjs.org/argparse/-/argparse-1.0.9.tgz",
      "integrity": "sha1-c9g7wmP4bpf4zE9rrhsOkKfSLIY=",
      "requires": {
        "sprintf-js": "1.0.3"
      }
    },
    "chance": {
      "version": "1.0.10",
      "resolved": "https://registry.npmjs.org/chance/-/chance-1.0.10.tgz",
      "integrity": "sha1-A1ALBK2U53jdKJGwnsc6ath7GZY="
    },
    "deep-extend": {
      "version": "0.4.2",
      "resolved": "https://registry.npmjs.org/deep-extend/-/deep-extend-0.4.2.tgz",
      "integrity": "sha1-SLaZwn4zS/ifEIkr5DL25MfTSn8="
    },
    "deref": {
      "version": "0.6.4",
      "resolved": "https://registry.npmjs.org/deref/-/deref-0.6.4.tgz",
      "integrity": "sha1-vVqW1F2+0wEbuBvfaN31S+jhvU4=",
      "requires": {
        "deep-extend": "0.4.2"
      }
    },
    "discontinuous-range": {
      "version": "1.0.0",
      "resolved": "https://registry.npmjs.org/discontinuous-range/-/discontinuous-range-1.0.0.tgz",
      "integrity": "sha1-44Mx8IRLukm5qctxx3FYWqsbxlo="
    },
    "esprima": {
      "version": "4.0.0",
      "resolved": "https://registry.npmjs.org/esprima/-/esprima-4.0.0.tgz",
      "integrity": "sha512-oftTcaMu/EGrEIu904mWteKIv8vMuOgGYo7EhVJJN00R/EED9DCua/xxHRdYnKtcECzVg7xOWhflvJMnqcFZjw=="
    },
    "faker": {
      "version": "3.0.1",
      "resolved": "https://registry.npmjs.org/faker/-/faker-3.0.1.tgz",
      "integrity": "sha1-w2J4zUI/PFN1vCcEZqIjSFwOe7I="
    },
    "js-yaml": {
      "version": "3.9.1",
      "resolved": "https://registry.npmjs.org/js-yaml/-/js-yaml-3.9.1.tgz",
      "integrity": "sha512-CbcG379L1e+mWBnLvHWWeLs8GyV/EMw862uLI3c+GxVyDHWZcjZinwuBd3iW2pgxgIlksW/1vNJa4to+RvDOww==",
      "requires": {
        "argparse": "1.0.9",
        "esprima": "4.0.0"
      }
    },
    "json-schema-faker": {
      "version": "0.4.3",
      "resolved": "https://registry.npmjs.org/json-schema-faker/-/json-schema-faker-0.4.3.tgz",
      "integrity": "sha512-t/e7JzYLopEg67SksHoCue8cErIue3ZBCAYjvj9dSbR7RyIcaHgkF7911hGy5oZVobIssKVqodM94nI6p4gD/w==",
      "requires": {
        "chance": "1.0.10",
        "deref": "0.6.4",
        "faker": "3.0.1",
        "randexp": "0.4.5"
      }
    },
    "minimist": {
      "version": "https://registry.npmjs.org/minimist/-/minimist-1.2.0.tgz",
      "integrity": "sha1-o1AIsg9BOD7sH7kU9M1d95omQoQ="
    },
    "randexp": {
      "version": "0.4.5",
      "resolved": "https://registry.npmjs.org/randexp/-/randexp-0.4.5.tgz",
      "integrity": "sha1-/+OoDD9mbNceawCOR35YTBoy/z4=",
      "requires": {
        "discontinuous-range": "1.0.0",
        "ret": "0.1.14"
      }
    },
    "ret": {
      "version": "0.1.14",
      "resolved": "https://registry.npmjs.org/ret/-/ret-0.1.14.tgz",
      "integrity": "sha1-WMY2g3sS4WH4o4DPCBxqIw/RZk4="
    },
    "sprintf-js": {
      "version": "1.0.3",
      "resolved": "https://registry.npmjs.org/sprintf-js/-/sprintf-js-1.0.3.tgz",
      "integrity": "sha1-BOaSb2YolTVPPdAVIDYzuFcpfiw="
    },
    "typescript": {
      "version": "2.4.2",
      "resolved": "https://registry.npmjs.org/typescript/-/typescript-2.4.2.tgz",
      "integrity": "sha1-+DlfhdRZJ2BnyYiqQYN6j4KHCEQ=",
      "dev": true
    }
  }
}
